
Microsoft Visual Studio Solution File, Format Version 12.00
# Visual Studio 15
VisualStudioVersion = 15.0.28307.572
MinimumVisualStudioVersion = 10.0.40219.1
Project("{FAE04EC0-301F-11D3-BF4B-00C04F79EFBC}") = "Notes.Android", "Notes\Notes.Android\Notes.Android.csproj", "{7E8BB007-2DD6-4157-BC9D-FF45AA6D35E7}"
EndProject
Project("{FAE04EC0-301F-11D3-BF4B-00C04F79EFBC}") = "Notes.iOS", "Notes\Notes.iOS\Notes.iOS.csproj", "{A1FE646B-FAC4-4B10-AB2F-5C23520354FB}"
EndProject
Project("{FAE04EC0-301F-11D3-BF4B-00C04F79EFBC}") = "Notes.UWP", "Notes\Notes.UWP\Notes.UWP.csproj", "{EA48FAAF-3526-4AFE-9AEB-D2B87A8E6CED}"
EndProject
Project("{FAE04EC0-301F-11D3-BF4B-00C04F79EFBC}") = "Notes", "Notes\Notes\Notes.csproj", "{0E6A9854-56BC-4BE8-9C8D-EBA42C70C7C2}"
EndProject
Global
	GlobalSection(SolutionConfigurationPlatforms) = preSolution
		Ad-Hoc|Any CPU = Ad-Hoc|Any CPU
		Ad-Hoc|ARM = Ad-Hoc|ARM
		Ad-Hoc|iPhone = Ad-Hoc|iPhone
		Ad-Hoc|iPhoneSimulator = Ad-Hoc|iPhoneSimulator
		Ad-Hoc|x64 = Ad-Hoc|x64
		Ad-Hoc|x86 = Ad-Hoc|x86
		AppStore|Any CPU = AppStore|Any CPU
		AppStore|ARM = AppStore|ARM
		AppStore|iPhone = AppStore|iPhone
		AppStore|iPhoneSimulator = AppStore|iPhoneSimulator
		AppStore|x64 = AppStore|x64
		AppStore|x86 = AppStore|x86
		Debug|Any CPU = Debug|Any CPU
		Debug|ARM = Debug|ARM
		Debug|iPhone = Debug|iPhone
		Debug|iPhoneSimulator = Debug|iPhoneSimulator
		Debug|x64 = Debug|x64
		Debug|x86 = Debug|x86
		Release|Any CPU = Release|Any CPU
		Release|ARM = Release|ARM
		Release|iPhone = Release|iPhone
		Release|iPhoneSimulator = Release|iPhoneSimulator
		Release|x64 = Release|x64
		Release|x86 = Release|x86
	EndGlobalSection
	GlobalSection(ProjectConfigurationPlatforms) = postSolution
		{7E8BB007-2DD6-4157-BC9D-FF45AA6D35E7}.Ad-Hoc|Any CPU.ActiveCfg = Release|Any CPU
		{7E8BB007-2DD6-4157-BC9D-FF45AA6D35E7}.Ad-Hoc|Any CPU.Build.0 = Release|Any CPU
		{7E8BB007-2DD6-4157-BC9D-FF45AA6D35E7}.Ad-Hoc|Any CPU.Deploy.0 = Release|Any CPU
		{7E8BB007-2DD6-4157-BC9D-FF45AA6D35E7}.Ad-Hoc|ARM.ActiveCfg = Release|Any CPU
		{7E8BB007-2DD6-4157-BC9D-FF45AA6D35E7}.Ad-Hoc|ARM.Build.0 = Release|Any CPU
		{7E8BB007-2DD6-4157-BC9D-FF45AA6D35E7}.Ad-Hoc|ARM.Deploy.0 = Release|Any CPU
		{7E8BB007-2DD6-4157-BC9D-FF45AA6D35E7}.Ad-Hoc|iPhone.ActiveCfg = Release|Any CPU
		{7E8BB007-2DD6-4157-BC9D-FF45AA6D35E7}.Ad-Hoc|iPhone.Build.0 = Release|Any CPU
		{7E8BB007-2DD6-4157-BC9D-FF45AA6D35E7}.Ad-Hoc|iPhone.Deploy.0 = Release|Any CPU
		{7E8BB007-2DD6-4157-BC9D-FF45AA6D35E7}.Ad-Hoc|iPhoneSimulator.ActiveCfg = Release|Any CPU
		{7E8BB007-2DD6-4157-BC9D-FF45AA6D35E7}.Ad-Hoc|iPhoneSimulator.Build.0 = Release|Any CPU
		{7E8BB007-2DD6-4157-BC9D-FF45AA6D35E7}.Ad-Hoc|iPhoneSimulator.Deploy.0 = Release|Any CPU
		{7E8BB007-2DD6-4157-BC9D-FF45AA6D35E7}.Ad-Hoc|x64.ActiveCfg = Release|Any CPU
		{7E8BB007-2DD6-4157-BC9D-FF45AA6D35E7}.Ad-Hoc|x64.Build.0 = Release|Any CPU
		{7E8BB007-2DD6-4157-BC9D-FF45AA6D35E7}.Ad-Hoc|x64.Deploy.0 = Release|Any CPU
		{7E8BB007-2DD6-4157-BC9D-FF45AA6D35E7}.Ad-Hoc|x86.ActiveCfg = Release|Any CPU
		{7E8BB007-2DD6-4157-BC9D-FF45AA6D35E7}.Ad-Hoc|x86.Build.0 = Release|Any CPU
		{7E8BB007-2DD6-4157-BC9D-FF45AA6D35E7}.Ad-Hoc|x86.Deploy.0 = Release|Any CPU
		{7E8BB007-2DD6-4157-BC9D-FF45AA6D35E7}.AppStore|Any CPU.ActiveCfg = Release|Any CPU
		{7E8BB007-2DD6-4157-BC9D-FF45AA6D35E7}.AppStore|Any CPU.Build.0 = Release|Any CPU
		{7E8BB007-2DD6-4157-BC9D-FF45AA6D35E7}.AppStore|Any CPU.Deploy.0 = Release|Any CPU
		{7E8BB007-2DD6-4157-BC9D-FF45AA6D35E7}.AppStore|ARM.ActiveCfg = Release|Any CPU
		{7E8BB007-2DD6-4157-BC9D-FF45AA6D35E7}.AppStore|ARM.Build.0 = Release|Any CPU
		{7E8BB007-2DD6-4157-BC9D-FF45AA6D35E7}.AppStore|ARM.Deploy.0 = Release|Any CPU
		{7E8BB007-2DD6-4157-BC9D-FF45AA6D35E7}.AppStore|iPhone.ActiveCfg = Release|Any CPU
		{7E8BB007-2DD6-4157-BC9D-FF45AA6D35E7}.AppStore|iPhone.Build.0 = Release|Any CPU
		{7E8BB007-2DD6-4157-BC9D-FF45AA6D35E7}.AppStore|iPhone.Deploy.0 = Release|Any CPU
		{7E8BB007-2DD6-4157-BC9D-FF45AA6D35E7}.AppStore|iPhoneSimulator.ActiveCfg = Release|Any CPU
		{7E8BB007-2DD6-4157-BC9D-FF45AA6D35E7}.AppStore|iPhoneSimulator.Build.0 = Release|Any CPU
		{7E8BB007-2DD6-4157-BC9D-FF45AA6D35E7}.AppStore|iPhoneSimulator.Deploy.0 = Release|Any CPU
		{7E8BB007-2DD6-4157-BC9D-FF45AA6D35E7}.AppStore|x64.ActiveCfg = Release|Any CPU
		{7E8BB007-2DD6-4157-BC9D-FF45AA6D35E7}.AppStore|x64.Build.0 = Release|Any CPU
		{7E8BB007-2DD6-4157-BC9D-FF45AA6D35E7}.AppStore|x64.Deploy.0 = Release|Any CPU
		{7E8BB007-2DD6-4157-BC9D-FF45AA6D35E7}.AppStore|x86.ActiveCfg = Release|Any CPU
		{7E8BB007-2DD6-4157-BC9D-FF45AA6D35E7}.AppStore|x86.Build.0 = Release|Any CPU
		{7E8BB007-2DD6-4157-BC9D-FF45AA6D35E7}.AppStore|x86.Deploy.0 = Release|Any CPU
		{7E8BB007-2DD6-4157-BC9D-FF45AA6D35E7}.Debug|Any CPU.ActiveCfg = Debug|Any CPU
		{7E8BB007-2DD6-4157-BC9D-FF45AA6D35E7}.Debug|Any CPU.Build.0 = Debug|Any CPU
		{7E8BB007-2DD6-4157-BC9D-FF45AA6D35E7}.Debug|Any CPU.Deploy.0 = Debug|Any CPU
		{7E8BB007-2DD6-4157-BC9D-FF45AA6D35E7}.Debug|ARM.ActiveCfg = Debug|Any CPU
		{7E8BB007-2DD6-4157-BC9D-FF45AA6D35E7}.Debug|ARM.Build.0 = Debug|Any CPU
		{7E8BB007-2DD6-4157-BC9D-FF45AA6D35E7}.Debug|ARM.Deploy.0 = Debug|Any CPU
		{7E8BB007-2DD6-4157-BC9D-FF45AA6D35E7}.Debug|iPhone.ActiveCfg = Debug|Any CPU
		{7E8BB007-2DD6-4157-BC9D-FF45AA6D35E7}.Debug|iPhone.Build.0 = Debug|Any CPU
		{7E8BB007-2DD6-4157-BC9D-FF45AA6D35E7}.Debug|iPhone.Deploy.0 = Debug|Any CPU
		{7E8BB007-2DD6-4157-BC9D-FF45AA6D35E7}.Debug|iPhoneSimulator.ActiveCfg = Debug|Any CPU
		{7E8BB007-2DD6-4157-BC9D-FF45AA6D35E7}.Debug|iPhoneSimulator.Build.0 = Debug|Any CPU
		{7E8BB007-2DD6-4157-BC9D-FF45AA6D35E7}.Debug|iPhoneSimulator.Deploy.0 = Debug|Any CPU
		{7E8BB007-2DD6-4157-BC9D-FF45AA6D35E7}.Debug|x64.ActiveCfg = Debug|Any CPU
		{7E8BB007-2DD6-4157-BC9D-FF45AA6D35E7}.Debug|x64.Build.0 = Debug|Any CPU
		{7E8BB007-2DD6-4157-BC9D-FF45AA6D35E7}.Debug|x64.Deploy.0 = Debug|Any CPU
		{7E8BB007-2DD6-4157-BC9D-FF45AA6D35E7}.Debug|x86.ActiveCfg = Debug|Any CPU
		{7E8BB007-2DD6-4157-BC9D-FF45AA6D35E7}.Debug|x86.Build.0 = Debug|Any CPU
		{7E8BB007-2DD6-4157-BC9D-FF45AA6D35E7}.Debug|x86.Deploy.0 = Debug|Any CPU
		{7E8BB007-2DD6-4157-BC9D-FF45AA6D35E7}.Release|Any CPU.ActiveCfg = Release|Any CPU
		{7E8BB007-2DD6-4157-BC9D-FF45AA6D35E7}.Release|Any CPU.Build.0 = Release|Any CPU
		{7E8BB007-2DD6-4157-BC9D-FF45AA6D35E7}.Release|Any CPU.Deploy.0 = Release|Any CPU
		{7E8BB007-2DD6-4157-BC9D-FF45AA6D35E7}.Release|ARM.ActiveCfg = Release|Any CPU
		{7E8BB007-2DD6-4157-BC9D-FF45AA6D35E7}.Release|ARM.Build.0 = Release|Any CPU
		{7E8BB007-2DD6-4157-BC9D-FF45AA6D35E7}.Release|ARM.Deploy.0 = Release|Any CPU
		{7E8BB007-2DD6-4157-BC9D-FF45AA6D35E7}.Release|iPhone.ActiveCfg = Release|Any CPU
		{7E8BB007-2DD6-4157-BC9D-FF45AA6D35E7}.Release|iPhone.Build.0 = Release|Any CPU
		{7E8BB007-2DD6-4157-BC9D-FF45AA6D35E7}.Release|iPhone.Deploy.0 = Release|Any CPU
		{7E8BB007-2DD6-4157-BC9D-FF45AA6D35E7}.Release|iPhoneSimulator.ActiveCfg = Release|Any CPU
		{7E8BB007-2DD6-4157-BC9D-FF45AA6D35E7}.Release|iPhoneSimulator.Build.0 = Release|Any CPU
		{7E8BB007-2DD6-4157-BC9D-FF45AA6D35E7}.Release|iPhoneSimulator.Deploy.0 = Release|Any CPU
		{7E8BB007-2DD6-4157-BC9D-FF45AA6D35E7}.Release|x64.ActiveCfg = Release|Any CPU
		{7E8BB007-2DD6-4157-BC9D-FF45AA6D35E7}.Release|x64.Build.0 = Release|Any CPU
		{7E8BB007-2DD6-4157-BC9D-FF45AA6D35E7}.Release|x64.Deploy.0 = Release|Any CPU
		{7E8BB007-2DD6-4157-BC9D-FF45AA6D35E7}.Release|x86.ActiveCfg = Release|Any CPU
		{7E8BB007-2DD6-4157-BC9D-FF45AA6D35E7}.Release|x86.Build.0 = Release|Any CPU
		{7E8BB007-2DD6-4157-BC9D-FF45AA6D35E7}.Release|x86.Deploy.0 = Release|Any CPU
		{A1FE646B-FAC4-4B10-AB2F-5C23520354FB}.Ad-Hoc|Any CPU.ActiveCfg = Ad-Hoc|iPhone
		{A1FE646B-FAC4-4B10-AB2F-5C23520354FB}.Ad-Hoc|Any CPU.Build.0 = Ad-Hoc|iPhone
		{A1FE646B-FAC4-4B10-AB2F-5C23520354FB}.Ad-Hoc|Any CPU.Deploy.0 = Ad-Hoc|iPhone
		{A1FE646B-FAC4-4B10-AB2F-5C23520354FB}.Ad-Hoc|ARM.ActiveCfg = Ad-Hoc|iPhone
		{A1FE646B-FAC4-4B10-AB2F-5C23520354FB}.Ad-Hoc|ARM.Build.0 = Ad-Hoc|iPhone
		{A1FE646B-FAC4-4B10-AB2F-5C23520354FB}.Ad-Hoc|ARM.Deploy.0 = Ad-Hoc|iPhone
		{A1FE646B-FAC4-4B10-AB2F-5C23520354FB}.Ad-Hoc|iPhone.ActiveCfg = Ad-Hoc|iPhone
		{A1FE646B-FAC4-4B10-AB2F-5C23520354FB}.Ad-Hoc|iPhone.Build.0 = Ad-Hoc|iPhone
		{A1FE646B-FAC4-4B10-AB2F-5C23520354FB}.Ad-Hoc|iPhone.Deploy.0 = Ad-Hoc|iPhone
		{A1FE646B-FAC4-4B10-AB2F-5C23520354FB}.Ad-Hoc|iPhoneSimulator.ActiveCfg = Ad-Hoc|iPhoneSimulator
		{A1FE646B-FAC4-4B10-AB2F-5C23520354FB}.Ad-Hoc|iPhoneSimulator.Build.0 = Ad-Hoc|iPhoneSimulator
		{A1FE646B-FAC4-4B10-AB2F-5C23520354FB}.Ad-Hoc|iPhoneSimulator.Deploy.0 = Ad-Hoc|iPhoneSimulator
		{A1FE646B-FAC4-4B10-AB2F-5C23520354FB}.Ad-Hoc|x64.ActiveCfg = Ad-Hoc|iPhone
		{A1FE646B-FAC4-4B10-AB2F-5C23520354FB}.Ad-Hoc|x64.Build.0 = Ad-Hoc|iPhone
		{A1FE646B-FAC4-4B10-AB2F-5C23520354FB}.Ad-Hoc|x64.Deploy.0 = Ad-Hoc|iPhone
		{A1FE646B-FAC4-4B10-AB2F-5C23520354FB}.Ad-Hoc|x86.ActiveCfg = Ad-Hoc|iPhone
		{A1FE646B-FAC4-4B10-AB2F-5C23520354FB}.Ad-Hoc|x86.Build.0 = Ad-Hoc|iPhone
		{A1FE646B-FAC4-4B10-AB2F-5C23520354FB}.Ad-Hoc|x86.Deploy.0 = Ad-Hoc|iPhone
		{A1FE646B-FAC4-4B10-AB2F-5C23520354FB}.AppStore|Any CPU.ActiveCfg = AppStore|iPhone
		{A1FE646B-FAC4-4B10-AB2F-5C23520354FB}.AppStore|Any CPU.Build.0 = AppStore|iPhone
		{A1FE646B-FAC4-4B10-AB2F-5C23520354FB}.AppStore|Any CPU.Deploy.0 = AppStore|iPhone
		{A1FE646B-FAC4-4B10-AB2F-5C23520354FB}.AppStore|ARM.ActiveCfg = AppStore|iPhone
		{A1FE646B-FAC4-4B10-AB2F-5C23520354FB}.AppStore|ARM.Build.0 = AppStore|iPhone
		{A1FE646B-FAC4-4B10-AB2F-5C23520354FB}.AppStore|ARM.Deploy.0 = AppStore|iPhone
		{A1FE646B-FAC4-4B10-AB2F-5C23520354FB}.AppStore|iPhone.ActiveCfg = AppStore|iPhone
		{A1FE646B-FAC4-4B10-AB2F-5C23520354FB}.AppStore|iPhone.Build.0 = AppStore|iPhone
		{A1FE646B-FAC4-4B10-AB2F-5C23520354FB}.AppStore|iPhone.Deploy.0 = AppStore|iPhone
		{A1FE646B-FAC4-4B10-AB2F-5C23520354FB}.AppStore|iPhoneSimulator.ActiveCfg = AppStore|iPhoneSimulator
		{A1FE646B-FAC4-4B10-AB2F-5C23520354FB}.AppStore|iPhoneSimulator.Build.0 = AppStore|iPhoneSimulator
		{A1FE646B-FAC4-4B10-AB2F-5C23520354FB}.AppStore|iPhoneSimulator.Deploy.0 = AppStore|iPhoneSimulator
		{A1FE646B-FAC4-4B10-AB2F-5C23520354FB}.AppStore|x64.ActiveCfg = AppStore|iPhone
		{A1FE646B-FAC4-4B10-AB2F-5C23520354FB}.AppStore|x64.Build.0 = AppStore|iPhone
		{A1FE646B-FAC4-4B10-AB2F-5C23520354FB}.AppStore|x64.Deploy.0 = AppStore|iPhone
		{A1FE646B-FAC4-4B10-AB2F-5C23520354FB}.AppStore|x86.ActiveCfg = AppStore|iPhone
		{A1FE646B-FAC4-4B10-AB2F-5C23520354FB}.AppStore|x86.Build.0 = AppStore|iPhone
		{A1FE646B-FAC4-4B10-AB2F-5C23520354FB}.AppStore|x86.Deploy.0 = AppStore|iPhone
		{A1FE646B-FAC4-4B10-AB2F-5C23520354FB}.Debug|Any CPU.ActiveCfg = Debug|iPhoneSimulator
		{A1FE646B-FAC4-4B10-AB2F-5C23520354FB}.Debug|Any CPU.Build.0 = Debug|iPhoneSimulator
		{A1FE646B-FAC4-4B10-AB2F-5C23520354FB}.Debug|Any CPU.Deploy.0 = Debug|iPhoneSimulator
		{A1FE646B-FAC4-4B10-AB2F-5C23520354FB}.Debug|ARM.ActiveCfg = Debug|iPhone
		{A1FE646B-FAC4-4B10-AB2F-5C23520354FB}.Debug|ARM.Build.0 = Debug|iPhone
		{A1FE646B-FAC4-4B10-AB2F-5C23520354FB}.Debug|ARM.Deploy.0 = Debug|iPhone
		{A1FE646B-FAC4-4B10-AB2F-5C23520354FB}.Debug|iPhone.ActiveCfg = Debug|iPhone
		{A1FE646B-FAC4-4B10-AB2F-5C23520354FB}.Debug|iPhone.Build.0 = Debug|iPhone
		{A1FE646B-FAC4-4B10-AB2F-5C23520354FB}.Debug|iPhone.Deploy.0 = Debug|iPhone
		{A1FE646B-FAC4-4B10-AB2F-5C23520354FB}.Debug|iPhoneSimulator.ActiveCfg = Debug|iPhoneSimulator
		{A1FE646B-FAC4-4B10-AB2F-5C23520354FB}.Debug|iPhoneSimulator.Build.0 = Debug|iPhoneSimulator
		{A1FE646B-FAC4-4B10-AB2F-5C23520354FB}.Debug|iPhoneSimulator.Deploy.0 = Debug|iPhoneSimulator
		{A1FE646B-FAC4-4B10-AB2F-5C23520354FB}.Debug|x64.ActiveCfg = Debug|iPhone
		{A1FE646B-FAC4-4B10-AB2F-5C23520354FB}.Debug|x64.Build.0 = Debug|iPhone
		{A1FE646B-FAC4-4B10-AB2F-5C23520354FB}.Debug|x64.Deploy.0 = Debug|iPhone
		{A1FE646B-FAC4-4B10-AB2F-5C23520354FB}.Debug|x86.ActiveCfg = Debug|iPhone
		{A1FE646B-FAC4-4B10-AB2F-5C23520354FB}.Debug|x86.Build.0 = Debug|iPhone
		{A1FE646B-FAC4-4B10-AB2F-5C23520354FB}.Debug|x86.Deploy.0 = Debug|iPhone
		{A1FE646B-FAC4-4B10-AB2F-5C23520354FB}.Release|Any CPU.ActiveCfg = Release|iPhone
		{A1FE646B-FAC4-4B10-AB2F-5C23520354FB}.Release|Any CPU.Build.0 = Release|iPhone
		{A1FE646B-FAC4-4B10-AB2F-5C23520354FB}.Release|Any CPU.Deploy.0 = Release|iPhone
		{A1FE646B-FAC4-4B10-AB2F-5C23520354FB}.Release|ARM.ActiveCfg = Release|iPhone
		{A1FE646B-FAC4-4B10-AB2F-5C23520354FB}.Release|ARM.Build.0 = Release|iPhone
		{A1FE646B-FAC4-4B10-AB2F-5C23520354FB}.Release|ARM.Deploy.0 = Release|iPhone
		{A1FE646B-FAC4-4B10-AB2F-5C23520354FB}.Release|iPhone.ActiveCfg = Release|iPhone
		{A1FE646B-FAC4-4B10-AB2F-5C23520354FB}.Release|iPhone.Build.0 = Release|iPhone
		{A1FE646B-FAC4-4B10-AB2F-5C23520354FB}.Release|iPhone.Deploy.0 = Release|iPhone
		{A1FE646B-FAC4-4B10-AB2F-5C23520354FB}.Release|iPhoneSimulator.ActiveCfg = Release|iPhoneSimulator
		{A1FE646B-FAC4-4B10-AB2F-5C23520354FB}.Release|iPhoneSimulator.Build.0 = Release|iPhoneSimulator
		{A1FE646B-FAC4-4B10-AB2F-5C23520354FB}.Release|iPhoneSimulator.Deploy.0 = Release|iPhoneSimulator
		{A1FE646B-FAC4-4B10-AB2F-5C23520354FB}.Release|x64.ActiveCfg = Release|iPhone
		{A1FE646B-FAC4-4B10-AB2F-5C23520354FB}.Release|x64.Build.0 = Release|iPhone
		{A1FE646B-FAC4-4B10-AB2F-5C23520354FB}.Release|x64.Deploy.0 = Release|iPhone
		{A1FE646B-FAC4-4B10-AB2F-5C23520354FB}.Release|x86.ActiveCfg = Release|iPhone
		{A1FE646B-FAC4-4B10-AB2F-5C23520354FB}.Release|x86.Build.0 = Release|iPhone
		{A1FE646B-FAC4-4B10-AB2F-5C23520354FB}.Release|x86.Deploy.0 = Release|iPhone
		{EA48FAAF-3526-4AFE-9AEB-D2B87A8E6CED}.Ad-Hoc|Any CPU.ActiveCfg = Release|x86
		{EA48FAAF-3526-4AFE-9AEB-D2B87A8E6CED}.Ad-Hoc|Any CPU.Build.0 = Release|x86
		{EA48FAAF-3526-4AFE-9AEB-D2B87A8E6CED}.Ad-Hoc|Any CPU.Deploy.0 = Release|x86
		{EA48FAAF-3526-4AFE-9AEB-D2B87A8E6CED}.Ad-Hoc|ARM.ActiveCfg = Release|ARM
		{EA48FAAF-3526-4AFE-9AEB-D2B87A8E6CED}.Ad-Hoc|ARM.Build.0 = Release|ARM
		{EA48FAAF-3526-4AFE-9AEB-D2B87A8E6CED}.Ad-Hoc|ARM.Deploy.0 = Release|ARM
		{EA48FAAF-3526-4AFE-9AEB-D2B87A8E6CED}.Ad-Hoc|iPhone.ActiveCfg = Release|x86
		{EA48FAAF-3526-4AFE-9AEB-D2B87A8E6CED}.Ad-Hoc|iPhone.Build.0 = Release|x86
		{EA48FAAF-3526-4AFE-9AEB-D2B87A8E6CED}.Ad-Hoc|iPhone.Deploy.0 = Release|x86
		{EA48FAAF-3526-4AFE-9AEB-D2B87A8E6CED}.Ad-Hoc|iPhoneSimulator.ActiveCfg = Release|x86
		{EA48FAAF-3526-4AFE-9AEB-D2B87A8E6CED}.Ad-Hoc|iPhoneSimulator.Build.0 = Release|x86
		{EA48FAAF-3526-4AFE-9AEB-D2B87A8E6CED}.Ad-Hoc|iPhoneSimulator.Deploy.0 = Release|x86
		{EA48FAAF-3526-4AFE-9AEB-D2B87A8E6CED}.Ad-Hoc|x64.ActiveCfg = Release|x64
		{EA48FAAF-3526-4AFE-9AEB-D2B87A8E6CED}.Ad-Hoc|x64.Build.0 = Release|x64
		{EA48FAAF-3526-4AFE-9AEB-D2B87A8E6CED}.Ad-Hoc|x64.Deploy.0 = Release|x64
		{EA48FAAF-3526-4AFE-9AEB-D2B87A8E6CED}.Ad-Hoc|x86.ActiveCfg = Release|x86
		{EA48FAAF-3526-4AFE-9AEB-D2B87A8E6CED}.Ad-Hoc|x86.Build.0 = Release|x86
		{EA48FAAF-3526-4AFE-9AEB-D2B87A8E6CED}.Ad-Hoc|x86.Deploy.0 = Release|x86
		{EA48FAAF-3526-4AFE-9AEB-D2B87A8E6CED}.AppStore|Any CPU.ActiveCfg = Release|x86
		{EA48FAAF-3526-4AFE-9AEB-D2B87A8E6CED}.AppStore|Any CPU.Build.0 = Release|x86
		{EA48FAAF-3526-4AFE-9AEB-D2B87A8E6CED}.AppStore|Any CPU.Deploy.0 = Release|x86
		{EA48FAAF-3526-4AFE-9AEB-D2B87A8E6CED}.AppStore|ARM.ActiveCfg = Release|ARM
		{EA48FAAF-3526-4AFE-9AEB-D2B87A8E6CED}.AppStore|ARM.Build.0 = Release|ARM
		{EA48FAAF-3526-4AFE-9AEB-D2B87A8E6CED}.AppStore|ARM.Deploy.0 = Release|ARM
		{EA48FAAF-3526-4AFE-9AEB-D2B87A8E6CED}.AppStore|iPhone.ActiveCfg = Release|x86
		{EA48FAAF-3526-4AFE-9AEB-D2B87A8E6CED}.AppStore|iPhone.Build.0 = Release|x86
		{EA48FAAF-3526-4AFE-9AEB-D2B87A8E6CED}.AppStore|iPhone.Deploy.0 = Release|x86
		{EA48FAAF-3526-4AFE-9AEB-D2B87A8E6CED}.AppStore|iPhoneSimulator.ActiveCfg = Release|x86
		{EA48FAAF-3526-4AFE-9AEB-D2B87A8E6CED}.AppStore|iPhoneSimulator.Build.0 = Release|x86
		{EA48FAAF-3526-4AFE-9AEB-D2B87A8E6CED}.AppStore|iPhoneSimulator.Deploy.0 = Release|x86
		{EA48FAAF-3526-4AFE-9AEB-D2B87A8E6CED}.AppStore|x64.ActiveCfg = Release|x64
		{EA48FAAF-3526-4AFE-9AEB-D2B87A8E6CED}.AppStore|x64.Build.0 = Release|x64
		{EA48FAAF-3526-4AFE-9AEB-D2B87A8E6CED}.AppStore|x64.Deploy.0 = Release|x64
		{EA48FAAF-3526-4AFE-9AEB-D2B87A8E6CED}.AppStore|x86.ActiveCfg = Release|x86
		{EA48FAAF-3526-4AFE-9AEB-D2B87A8E6CED}.AppStore|x86.Build.0 = Release|x86
		{EA48FAAF-3526-4AFE-9AEB-D2B87A8E6CED}.AppStore|x86.Deploy.0 = Release|x86
		{EA48FAAF-3526-4AFE-9AEB-D2B87A8E6CED}.Debug|Any CPU.ActiveCfg = Debug|x86
		{EA48FAAF-3526-4AFE-9AEB-D2B87A8E6CED}.Debug|Any CPU.Build.0 = Debug|x86
		{EA48FAAF-3526-4AFE-9AEB-D2B87A8E6CED}.Debug|Any CPU.Deploy.0 = Debug|x86
		{EA48FAAF-3526-4AFE-9AEB-D2B87A8E6CED}.Debug|ARM.ActiveCfg = Debug|ARM
		{EA48FAAF-3526-4AFE-9AEB-D2B87A8E6CED}.Debug|ARM.Build.0 = Debug|ARM
		{EA48FAAF-3526-4AFE-9AEB-D2B87A8E6CED}.Debug|ARM.Deploy.0 = Debug|ARM
		{EA48FAAF-3526-4AFE-9AEB-D2B87A8E6CED}.Debug|iPhone.ActiveCfg = Debug|x86
		{EA48FAAF-3526-4AFE-9AEB-D2B87A8E6CED}.Debug|iPhone.Build.0 = Debug|x86
		{EA48FAAF-3526-4AFE-9AEB-D2B87A8E6CED}.Debug|iPhone.Deploy.0 = Debug|x86
		{EA48FAAF-3526-4AFE-9AEB-D2B87A8E6CED}.Debug|iPhoneSimulator.ActiveCfg = Debug|x86
		{EA48FAAF-3526-4AFE-9AEB-D2B87A8E6CED}.Debug|iPhoneSimulator.Build.0 = Debug|x86
		{EA48FAAF-3526-4AFE-9AEB-D2B87A8E6CED}.Debug|iPhoneSimulator.Deploy.0 = Debug|x86
		{EA48FAAF-3526-4AFE-9AEB-D2B87A8E6CED}.Debug|x64.ActiveCfg = Debug|x64
		{EA48FAAF-3526-4AFE-9AEB-D2B87A8E6CED}.Debug|x64.Build.0 = Debug|x64
		{EA48FAAF-3526-4AFE-9AEB-D2B87A8E6CED}.Debug|x64.Deploy.0 = Debug|x64
		{EA48FAAF-3526-4AFE-9AEB-D2B87A8E6CED}.Debug|x86.ActiveCfg = Debug|x86
		{EA48FAAF-3526-4AFE-9AEB-D2B87A8E6CED}.Debug|x86.Build.0 = Debug|x86
		{EA48FAAF-3526-4AFE-9AEB-D2B87A8E6CED}.Debug|x86.Deploy.0 = Debug|x86
		{EA48FAAF-3526-4AFE-9AEB-D2B87A8E6CED}.Release|Any CPU.ActiveCfg = Release|x86
		{EA48FAAF-3526-4AFE-9AEB-D2B87A8E6CED}.Release|Any CPU.Build.0 = Release|x86
		{EA48FAAF-3526-4AFE-9AEB-D2B87A8E6CED}.Release|Any CPU.Deploy.0 = Release|x86
		{EA48FAAF-3526-4AFE-9AEB-D2B87A8E6CED}.Release|ARM.ActiveCfg = Release|ARM
		{EA48FAAF-3526-4AFE-9AEB-D2B87A8E6CED}.Release|ARM.Build.0 = Release|ARM
		{EA48FAAF-3526-4AFE-9AEB-D2B87A8E6CED}.Release|ARM.Deploy.0 = Release|ARM
		{EA48FAAF-3526-4AFE-9AEB-D2B87A8E6CED}.Release|iPhone.ActiveCfg = Release|x86
		{EA48FAAF-3526-4AFE-9AEB-D2B87A8E6CED}.Release|iPhone.Build.0 = Release|x86
		{EA48FAAF-3526-4AFE-9AEB-D2B87A8E6CED}.Release|iPhone.Deploy.0 = Release|x86
		{EA48FAAF-3526-4AFE-9AEB-D2B87A8E6CED}.Release|iPhoneSimulator.ActiveCfg = Release|x86
		{EA48FAAF-3526-4AFE-9AEB-D2B87A8E6CED}.Release|iPhoneSimulator.Build.0 = Release|x86
		{EA48FAAF-3526-4AFE-9AEB-D2B87A8E6CED}.Release|iPhoneSimulator.Deploy.0 = Release|x86
		{EA48FAAF-3526-4AFE-9AEB-D2B87A8E6CED}.Release|x64.ActiveCfg = Release|x64
		{EA48FAAF-3526-4AFE-9AEB-D2B87A8E6CED}.Release|x64.Build.0 = Release|x64
		{EA48FAAF-3526-4AFE-9AEB-D2B87A8E6CED}.Release|x64.Deploy.0 = Release|x64
		{EA48FAAF-3526-4AFE-9AEB-D2B87A8E6CED}.Release|x86.ActiveCfg = Release|x86
		{EA48FAAF-3526-4AFE-9AEB-D2B87A8E6CED}.Release|x86.Build.0 = Release|x86
		{EA48FAAF-3526-4AFE-9AEB-D2B87A8E6CED}.Release|x86.Deploy.0 = Release|x86
		{0E6A9854-56BC-4BE8-9C8D-EBA42C70C7C2}.Ad-Hoc|Any CPU.ActiveCfg = Debug|Any CPU
		{0E6A9854-56BC-4BE8-9C8D-EBA42C70C7C2}.Ad-Hoc|Any CPU.Build.0 = Debug|Any CPU
		{0E6A9854-56BC-4BE8-9C8D-EBA42C70C7C2}.Ad-Hoc|Any CPU.Deploy.0 = Debug|Any CPU
		{0E6A9854-56BC-4BE8-9C8D-EBA42C70C7C2}.Ad-Hoc|ARM.ActiveCfg = Debug|Any CPU
		{0E6A9854-56BC-4BE8-9C8D-EBA42C70C7C2}.Ad-Hoc|ARM.Build.0 = Debug|Any CPU
		{0E6A9854-56BC-4BE8-9C8D-EBA42C70C7C2}.Ad-Hoc|ARM.Deploy.0 = Debug|Any CPU
		{0E6A9854-56BC-4BE8-9C8D-EBA42C70C7C2}.Ad-Hoc|iPhone.ActiveCfg = Debug|Any CPU
		{0E6A9854-56BC-4BE8-9C8D-EBA42C70C7C2}.Ad-Hoc|iPhone.Build.0 = Debug|Any CPU
		{0E6A9854-56BC-4BE8-9C8D-EBA42C70C7C2}.Ad-Hoc|iPhone.Deploy.0 = Debug|Any CPU
		{0E6A9854-56BC-4BE8-9C8D-EBA42C70C7C2}.Ad-Hoc|iPhoneSimulator.ActiveCfg = Debug|Any CPU
		{0E6A9854-56BC-4BE8-9C8D-EBA42C70C7C2}.Ad-Hoc|iPhoneSimulator.Build.0 = Debug|Any CPU
		{0E6A9854-56BC-4BE8-9C8D-EBA42C70C7C2}.Ad-Hoc|iPhoneSimulator.Deploy.0 = Debug|Any CPU
		{0E6A9854-56BC-4BE8-9C8D-EBA42C70C7C2}.Ad-Hoc|x64.ActiveCfg = Debug|Any CPU
		{0E6A9854-56BC-4BE8-9C8D-EBA42C70C7C2}.Ad-Hoc|x64.Build.0 = Debug|Any CPU
		{0E6A9854-56BC-4BE8-9C8D-EBA42C70C7C2}.Ad-Hoc|x64.Deploy.0 = Debug|Any CPU
		{0E6A9854-56BC-4BE8-9C8D-EBA42C70C7C2}.Ad-Hoc|x86.ActiveCfg = Debug|Any CPU
		{0E6A9854-56BC-4BE8-9C8D-EBA42C70C7C2}.Ad-Hoc|x86.Build.0 = Debug|Any CPU
		{0E6A9854-56BC-4BE8-9C8D-EBA42C70C7C2}.Ad-Hoc|x86.Deploy.0 = Debug|Any CPU
		{0E6A9854-56BC-4BE8-9C8D-EBA42C70C7C2}.AppStore|Any CPU.ActiveCfg = Debug|Any CPU
		{0E6A9854-56BC-4BE8-9C8D-EBA42C70C7C2}.AppStore|Any CPU.Build.0 = Debug|Any CPU
		{0E6A9854-56BC-4BE8-9C8D-EBA42C70C7C2}.AppStore|Any CPU.Deploy.0 = Debug|Any CPU
		{0E6A9854-56BC-4BE8-9C8D-EBA42C70C7C2}.AppStore|ARM.ActiveCfg = Debug|Any CPU
		{0E6A9854-56BC-4BE8-9C8D-EBA42C70C7C2}.AppStore|ARM.Build.0 = Debug|Any CPU
		{0E6A9854-56BC-4BE8-9C8D-EBA42C70C7C2}.AppStore|ARM.Deploy.0 = Debug|Any CPU
		{0E6A9854-56BC-4BE8-9C8D-EBA42C70C7C2}.AppStore|iPhone.ActiveCfg = Debug|Any CPU
		{0E6A9854-56BC-4BE8-9C8D-EBA42C70C7C2}.AppStore|iPhone.Build.0 = Debug|Any CPU
		{0E6A9854-56BC-4BE8-9C8D-EBA42C70C7C2}.AppStore|iPhone.Deploy.0 = Debug|Any CPU
		{0E6A9854-56BC-4BE8-9C8D-EBA42C70C7C2}.AppStore|iPhoneSimulator.ActiveCfg = Debug|Any CPU
		{0E6A9854-56BC-4BE8-9C8D-EBA42C70C7C2}.AppStore|iPhoneSimulator.Build.0 = Debug|Any CPU
		{0E6A9854-56BC-4BE8-9C8D-EBA42C70C7C2}.AppStore|iPhoneSimulator.Deploy.0 = Debug|Any CPU
		{0E6A9854-56BC-4BE8-9C8D-EBA42C70C7C2}.AppStore|x64.ActiveCfg = Debug|Any CPU
		{0E6A9854-56BC-4BE8-9C8D-EBA42C70C7C2}.AppStore|x64.Build.0 = Debug|Any CPU
		{0E6A9854-56BC-4BE8-9C8D-EBA42C70C7C2}.AppStore|x64.Deploy.0 = Debug|Any CPU
		{0E6A9854-56BC-4BE8-9C8D-EBA42C70C7C2}.AppStore|x86.ActiveCfg = Debug|Any CPU
		{0E6A9854-56BC-4BE8-9C8D-EBA42C70C7C2}.AppStore|x86.Build.0 = Debug|Any CPU
		{0E6A9854-56BC-4BE8-9C8D-EBA42C70C7C2}.AppStore|x86.Deploy.0 = Debug|Any CPU
		{0E6A9854-56BC-4BE8-9C8D-EBA42C70C7C2}.Debug|Any CPU.ActiveCfg = Debug|Any CPU
		{0E6A9854-56BC-4BE8-9C8D-EBA42C70C7C2}.Debug|Any CPU.Build.0 = Debug|Any CPU
		{0E6A9854-56BC-4BE8-9C8D-EBA42C70C7C2}.Debug|Any CPU.Deploy.0 = Debug|Any CPU
		{0E6A9854-56BC-4BE8-9C8D-EBA42C70C7C2}.Debug|ARM.ActiveCfg = Debug|Any CPU
		{0E6A9854-56BC-4BE8-9C8D-EBA42C70C7C2}.Debug|ARM.Build.0 = Debug|Any CPU
		{0E6A9854-56BC-4BE8-9C8D-EBA42C70C7C2}.Debug|ARM.Deploy.0 = Debug|Any CPU
		{0E6A9854-56BC-4BE8-9C8D-EBA42C70C7C2}.Debug|iPhone.ActiveCfg = Debug|Any CPU
		{0E6A9854-56BC-4BE8-9C8D-EBA42C70C7C2}.Debug|iPhone.Build.0 = Debug|Any CPU
		{0E6A9854-56BC-4BE8-9C8D-EBA42C70C7C2}.Debug|iPhone.Deploy.0 = Debug|Any CPU
		{0E6A9854-56BC-4BE8-9C8D-EBA42C70C7C2}.Debug|iPhoneSimulator.ActiveCfg = Debug|Any CPU
		{0E6A9854-56BC-4BE8-9C8D-EBA42C70C7C2}.Debug|iPhoneSimulator.Build.0 = Debug|Any CPU
		{0E6A9854-56BC-4BE8-9C8D-EBA42C70C7C2}.Debug|iPhoneSimulator.Deploy.0 = Debug|Any CPU
		{0E6A9854-56BC-4BE8-9C8D-EBA42C70C7C2}.Debug|x64.ActiveCfg = Debug|Any CPU
		{0E6A9854-56BC-4BE8-9C8D-EBA42C70C7C2}.Debug|x64.Build.0 = Debug|Any CPU
		{0E6A9854-56BC-4BE8-9C8D-EBA42C70C7C2}.Debug|x64.Deploy.0 = Debug|Any CPU
		{0E6A9854-56BC-4BE8-9C8D-EBA42C70C7C2}.Debug|x86.ActiveCfg = Debug|Any CPU
		{0E6A9854-56BC-4BE8-9C8D-EBA42C70C7C2}.Debug|x86.Build.0 = Debug|Any CPU
		{0E6A9854-56BC-4BE8-9C8D-EBA42C70C7C2}.Debug|x86.Deploy.0 = Debug|Any CPU
		{0E6A9854-56BC-4BE8-9C8D-EBA42C70C7C2}.Release|Any CPU.ActiveCfg = Release|Any CPU
		{0E6A9854-56BC-4BE8-9C8D-EBA42C70C7C2}.Release|Any CPU.Build.0 = Release|Any CPU
		{0E6A9854-56BC-4BE8-9C8D-EBA42C70C7C2}.Release|Any CPU.Deploy.0 = Release|Any CPU
		{0E6A9854-56BC-4BE8-9C8D-EBA42C70C7C2}.Release|ARM.ActiveCfg = Release|Any CPU
		{0E6A9854-56BC-4BE8-9C8D-EBA42C70C7C2}.Release|ARM.Build.0 = Release|Any CPU
		{0E6A9854-56BC-4BE8-9C8D-EBA42C70C7C2}.Release|ARM.Deploy.0 = Release|Any CPU
		{0E6A9854-56BC-4BE8-9C8D-EBA42C70C7C2}.Release|iPhone.ActiveCfg = Release|Any CPU
		{0E6A9854-56BC-4BE8-9C8D-EBA42C70C7C2}.Release|iPhone.Build.0 = Release|Any CPU
		{0E6A9854-56BC-4BE8-9C8D-EBA42C70C7C2}.Release|iPhone.Deploy.0 = Release|Any CPU
		{0E6A9854-56BC-4BE8-9C8D-EBA42C70C7C2}.Release|iPhoneSimulator.ActiveCfg = Release|Any CPU
		{0E6A9854-56BC-4BE8-9C8D-EBA42C70C7C2}.Release|iPhoneSimulator.Build.0 = Release|Any CPU
		{0E6A9854-56BC-4BE8-9C8D-EBA42C70C7C2}.Release|iPhoneSimulator.Deploy.0 = Release|Any CPU
		{0E6A9854-56BC-4BE8-9C8D-EBA42C70C7C2}.Release|x64.ActiveCfg = Release|Any CPU
		{0E6A9854-56BC-4BE8-9C8D-EBA42C70C7C2}.Release|x64.Build.0 = Release|Any CPU
		{0E6A9854-56BC-4BE8-9C8D-EBA42C70C7C2}.Release|x64.Deploy.0 = Release|Any CPU
		{0E6A9854-56BC-4BE8-9C8D-EBA42C70C7C2}.Release|x86.ActiveCfg = Release|Any CPU
		{0E6A9854-56BC-4BE8-9C8D-EBA42C70C7C2}.Release|x86.Build.0 = Release|Any CPU
		{0E6A9854-56BC-4BE8-9C8D-EBA42C70C7C2}.Release|x86.Deploy.0 = Release|Any CPU
	EndGlobalSection
	GlobalSection(SolutionProperties) = preSolution
		HideSolutionNode = FALSE
	EndGlobalSection
	GlobalSection(ExtensibilityGlobals) = postSolution
		SolutionGuid = {57F18180-A934-43C9-8B19-0E3EF1FF8721}
	EndGlobalSection
EndGlobal
